{
  "name": "@etzhayyim/checkpointer",
  "version": "0.1.0-alpha",
  "lockfileVersion": 3,
  "requires": true,
  "packages": {
    "": {
      "name": "@etzhayyim/checkpointer",
      "version": "0.1.0-alpha",
      "license": "Apache-2.0",
      "dependencies": {
        "@atproto/repo": "^0.10.0",
        "@etzhayyim/ipfs": "git+https://github.com/kotoba-lang/ipfs.git#main",
        "@etzhayyim/pqh": "git+https://github.com/kotoba-lang/pqh.git#main",
        "@msgpack/msgpack": "^3.1.3"
      },
      "bin": {
        "etzhayyim-checkpointer": "dist/checkpointer-bin.js"
      },
      "devDependencies": {
        "@types/node": "^25.9.2",
        "typescript": "^6.0.3"
      }
    },
    "node_modules/@atproto/common": {
      "version": "0.6.4",
      "resolved": "https://registry.npmjs.org/@atproto/common/-/common-0.6.4.tgz",
      "integrity": "sha512-o1T96pBvjFFWkfYREazjPYp3UqON6ZngZmJturUihMjO6E1R2H5W0M2WlwDOECpSX6qvXShi5b5K+KJyoije2Q==",
      "license": "MIT",
      "dependencies": {
        "@atproto/common-web": "^0.5.2",
        "@atproto/lex-cbor": "^0.1.2",
        "@atproto/lex-data": "^0.1.3",
        "multiformats": "^13.0.0",
        "pino": "^10.3.1"
      },
      "engines": {
        "node": ">=22"
      }
    },
    "node_modules/@atproto/common-web": {
      "version": "0.5.2",
      "resolved": "https://registry.npmjs.org/@atproto/common-web/-/common-web-0.5.2.tgz",
      "integrity": "sha512-oO0JEvM7MM7iXMngq6V51IJlzBZFhFJoDjnGnQT75EO94/8Q5hnM/LP+a8KyWjcBcpcSZwQ0bukNv9phZONdGA==",
      "license": "MIT",
      "dependencies": {
        "@atproto/lex-data": "^0.1.3",
        "@atproto/lex-json": "^0.1.2",
        "@atproto/syntax": "^0.6.3",
        "zod": "^3.23.8"
      },
      "engines": {
        "node": ">=22"
      }
    },
    "node_modules/@atproto/crypto": {
      "version": "0.5.2",
      "resolved": "https://registry.npmjs.org/@atproto/crypto/-/crypto-0.5.2.tgz",
      "integrity": "sha512-WU3FN9mx1tnOcbZjH2zJQcvvI5pTyEuHetEhrZSv/a1eL0dJgrDtWfJnht7p9FrpdcDVL/xgAKewzwD5wVYBXQ==",
      "license": "MIT",
      "dependencies": {
        "@noble/curves": "^1.7.0",
        "@noble/hashes": "^1.6.1",
        "uint8arrays": "^5.0.0"
      },
      "engines": {
        "node": ">=22"
      }
    },
    "node_modules/@atproto/lex-cbor": {
      "version": "0.1.2",
      "resolved": "https://registry.npmjs.org/@atproto/lex-cbor/-/lex-cbor-0.1.2.tgz",
      "integrity": "sha512-Ccs4nnlzjWXGHiMnb9LB8tOJpqoVf8f3pAA6Qx72U2/DuK4agkONn90YUemYY5wHPLdZKpvz6O4/gCGJGXE+MA==",
      "license": "MIT",
      "dependencies": {
        "@atproto/lex-data": "^0.1.3",
        "cborg": "^4.5.8",
        "tslib": "^2.8.1"
      },
      "engines": {
        "node": ">=22"
      }
    },
    "node_modules/@atproto/lex-data": {
      "version": "0.1.3",
      "resolved": "https://registry.npmjs.org/@atproto/lex-data/-/lex-data-0.1.3.tgz",
      "integrity": "sha512-ysqMYW6cIKce52/+EIbTa+I4pLqZQSBP9aGImN88vAQtd1oZBKPmut6dQk00xSQ8PW9REJRuIHNSFAF4HD+fsw==",
      "license": "MIT",
      "dependencies": {
        "multiformats": "^13.0.0",
        "tslib": "^2.8.1",
        "uint8arrays": "^5.0.0",
        "unicode-segmenter": "^0.14.0"
      },
      "engines": {
        "node": ">=22"
      }
    },
    "node_modules/@atproto/lex-json": {
      "version": "0.1.2",
      "resolved": "https://registry.npmjs.org/@atproto/lex-json/-/lex-json-0.1.2.tgz",
      "integrity": "sha512-58nIjoWX0c8T5fcoPPmIaShxKZgfPMhNmrprtR7GuN4PzyMwm59A3CLlKAzzR+vjI3IidEMU+enpLuwUT8L+Nw==",
      "license": "MIT",
      "dependencies": {
        "@atproto/lex-data": "^0.1.3",
        "tslib": "^2.8.1"
      },
      "engines": {
        "node": ">=22"
      }
    },
    "node_modules/@atproto/repo": {
      "version": "0.10.2",
      "resolved": "https://registry.npmjs.org/@atproto/repo/-/repo-0.10.2.tgz",
      "integrity": "sha512-/0RdKIQ5ty93nqGHxzf3naf+kGHPDWMQRutR2TKpOkf+VSyoDLMJK2fOdgtcUFETfT8L6bekGwm7rJxe77RbeA==",
      "license": "MIT",
      "dependencies": {
        "@atproto/common": "^0.6.4",
        "@atproto/common-web": "^0.5.2",
        "@atproto/crypto": "^0.5.2",
        "@atproto/lex-cbor": "^0.1.2",
        "@atproto/lex-data": "^0.1.3",
        "@atproto/syntax": "^0.6.3",
        "varint": "^6.0.0",
        "zod": "^3.23.8"
      },
      "engines": {
        "node": ">=22"
      }
    },
    "node_modules/@atproto/syntax": {
      "version": "0.6.3",
      "resolved": "https://registry.npmjs.org/@atproto/syntax/-/syntax-0.6.3.tgz",
      "integrity": "sha512-io7Ck4o+40iFXhetHYoEtok2gZ8cWcJ1yRftEHe5AmAF0dSGcYmclbx5GatVew59taw+eSG7Ty5D3llop/0BhA==",
      "license": "MIT",
      "dependencies": {
        "iso-datestring-validator": "^2.2.2",
        "tslib": "^2.8.1"
      },
      "engines": {
        "node": ">=22"
      }
    },
    "node_modules/@etzhayyim/ipfs": {
      "version": "0.1.0-alpha",
      "resolved": "git+ssh://git@github.com/kotoba-lang/ipfs.git#671888e08cc42b297c668b6124cf7c5b9d1676f0",
      "license": "Apache-2.0"
    },
    "node_modules/@etzhayyim/pqh": {
      "version": "0.1.0-alpha",
      "resolved": "git+ssh://git@github.com/kotoba-lang/pqh.git#ab728717804ec18dafee7262fa83352ffbc1aaf1",
      "license": "Apache-2.0",
      "dependencies": {
        "@ipld/dag-cbor": "^10.0.1",
        "@noble/ciphers": "^1.0.0",
        "@noble/curves": "^1.6.0",
        "@noble/hashes": "^1.8.0",
        "@noble/post-quantum": "^0.5.2"
      }
    },
    "node_modules/@ipld/dag-cbor": {
      "version": "10.0.1",
      "resolved": "https://registry.npmjs.org/@ipld/dag-cbor/-/dag-cbor-10.0.1.tgz",
      "integrity": "sha512-nF07iiZPqduSXyMxc0jGANArRHFa9hjMQpQlgLOV2O/3xI1CNb5sXhvbmigbMiz5owSGi0Oq10VtauupMojuiw==",
      "license": "Apache-2.0 OR MIT",
      "dependencies": {
        "cborg": "^5.0.1",
        "multiformats": "^14.0.0"
      }
    },
    "node_modules/@ipld/dag-cbor/node_modules/cborg": {
      "version": "5.1.5",
      "resolved": "https://registry.npmjs.org/cborg/-/cborg-5.1.5.tgz",
      "integrity": "sha512-1qJ/E8jF1dmJlBm6V1z91iWTWfCK9SuCxPDLod+Ne7CMCASOQh346b+487oFt/zoBQW+XS5wNvMgV+7gs5sJJA==",
      "license": "Apache-2.0",
      "bin": {
        "cborg": "lib/bin.js"
      }
    },
    "node_modules/@ipld/dag-cbor/node_modules/multiformats": {
      "version": "14.0.3",
      "resolved": "https://registry.npmjs.org/multiformats/-/multiformats-14.0.3.tgz",
      "integrity": "sha512-l7FEUCJb3tx1UWeovywhaidQdOGQOOKTfl51G2y6CQbcOHe9dp3z90NHqQ3v2SKetKgkxwa3wI+2jsyJrjJjTg==",
      "license": "Apache-2.0 OR MIT"
    },
    "node_modules/@msgpack/msgpack": {
      "version": "3.1.3",
      "resolved": "https://registry.npmjs.org/@msgpack/msgpack/-/msgpack-3.1.3.tgz",
      "integrity": "sha512-47XIizs9XZXvuJgoaJUIE2lFoID8ugvc0jzSHP+Ptfk8nTbnR8g788wv48N03Kx0UkAv559HWRQ3yzOgzlRNUA==",
      "license": "ISC",
      "engines": {
        "node": ">= 18"
      }
    },
    "node_modules/@noble/ciphers": {
      "version": "1.3.0",
      "resolved": "https://registry.npmjs.org/@noble/ciphers/-/ciphers-1.3.0.tgz",
      "integrity": "sha512-2I0gnIVPtfnMw9ee9h1dJG7tp81+8Ob3OJb3Mv37rx5L40/b0i7djjCVvGOVqc9AEIQyvyu1i6ypKdFw8R8gQw==",
      "license": "MIT",
      "engines": {
        "node": "^14.21.3 || >=16"
      },
      "funding": {
        "url": "https://paulmillr.com/funding/"
      }
    },
    "node_modules/@noble/curves": {
      "version": "1.9.7",
      "resolved": "https://registry.npmjs.org/@noble/curves/-/curves-1.9.7.tgz",
      "integrity": "sha512-gbKGcRUYIjA3/zCCNaWDciTMFI0dCkvou3TL8Zmy5Nc7sJ47a0jtOeZoTaMxkuqRo9cRhjOdZJXegxYE5FN/xw==",
      "license": "MIT",
      "dependencies": {
        "@noble/hashes": "1.8.0"
      },
      "engines": {
        "node": "^14.21.3 || >=16"
      },
      "funding": {
        "url": "https://paulmillr.com/funding/"
      }
    },
    "node_modules/@noble/hashes": {
      "version": "1.8.0",
      "resolved": "https://registry.npmjs.org/@noble/hashes/-/hashes-1.8.0.tgz",
      "integrity": "sha512-jCs9ldd7NwzpgXDIf6P3+NrHh9/sD6CQdxHyjQI+h/6rDNo88ypBxxz45UDuZHz9r3tNz7N/VInSVoVdtXEI4A==",
      "license": "MIT",
      "engines": {
        "node": "^14.21.3 || >=16"
      },
      "funding": {
        "url": "https://paulmillr.com/funding/"
      }
    },
    "node_modules/@noble/post-quantum": {
      "version": "0.5.4",
      "resolved": "https://registry.npmjs.org/@noble/post-quantum/-/post-quantum-0.5.4.tgz",
      "integrity": "sha512-leww0zzIirrvwaYMPI9fj6aRIlA/c6Y0/lifQQ1YOOyHEr0MNH3yYpjXeiVG+tWdPps4XxGclFWX2INPO3Yo5w==",
      "license": "MIT",
      "dependencies": {
        "@noble/curves": "~2.0.0",
        "@noble/hashes": "~2.0.0"
      },
      "engines": {
        "node": ">= 20.19.0"
      },
      "funding": {
        "url": "https://paulmillr.com/funding/"
      }
    },
    "node_modules/@noble/post-quantum/node_modules/@noble/curves": {
      "version": "2.0.1",
      "resolved": "https://registry.npmjs.org/@noble/curves/-/curves-2.0.1.tgz",
      "integrity": "sha512-vs1Az2OOTBiP4q0pwjW5aF0xp9n4MxVrmkFBxc6EKZc6ddYx5gaZiAsZoq0uRRXWbi3AT/sBqn05eRPtn1JCPw==",
      "license": "MIT",
      "dependencies": {
        "@noble/hashes": "2.0.1"
      },
      "engines": {
        "node": ">= 20.19.0"
      },
      "funding": {
        "url": "https://paulmillr.com/funding/"
      }
    },
    "node_modules/@noble/post-quantum/node_modules/@noble/hashes": {
      "version": "2.0.1",
      "resolved": "https://registry.npmjs.org/@noble/hashes/-/hashes-2.0.1.tgz",
      "integrity": "sha512-XlOlEbQcE9fmuXxrVTXCTlG2nlRXa9Rj3rr5Ue/+tX+nmkgbX720YHh0VR3hBF9xDvwnb8D2shVGOwNx+ulArw==",
      "license": "MIT",
      "engines": {
        "node": ">= 20.19.0"
      },
      "funding": {
        "url": "https://paulmillr.com/funding/"
      }
    },
    "node_modules/@pinojs/redact": {
      "version": "0.4.0",
      "resolved": "https://registry.npmjs.org/@pinojs/redact/-/redact-0.4.0.tgz",
      "integrity": "sha512-k2ENnmBugE/rzQfEcdWHcCY+/FM3VLzH9cYEsbdsoqrvzAKRhUZeRNhAZvB8OitQJ1TBed3yqWtdjzS6wJKBwg==",
      "license": "MIT"
    },
    "node_modules/@types/node": {
      "version": "25.9.4",
      "resolved": "https://registry.npmjs.org/@types/node/-/node-25.9.4.tgz",
      "integrity": "sha512-dszCsrKb5U7ZsVZBWiHFklTloVl0mSEnWH/iZXfZUlI4rzCUnsvGmgqfuVRHL54ugE7/wRuxEIXRa2iMZ+BG6g==",
      "dev": true,
      "license": "MIT",
      "dependencies": {
        "undici-types": ">=7.24.0 <7.24.7"
      }
    },
    "node_modules/atomic-sleep": {
      "version": "1.0.0",
      "resolved": "https://registry.npmjs.org/atomic-sleep/-/atomic-sleep-1.0.0.tgz",
      "integrity": "sha512-kNOjDqAh7px0XWNI+4QbzoiR/nTkHAWNud2uvnJquD1/x5a7EQZMJT0AczqK0Qn67oY/TTQ1LbUKajZpp3I9tQ==",
      "license": "MIT",
      "engines": {
        "node": ">=8.0.0"
      }
    },
    "node_modules/cborg": {
      "version": "4.5.8",
      "resolved": "https://registry.npmjs.org/cborg/-/cborg-4.5.8.tgz",
      "integrity": "sha512-6/viltD51JklRhq4L7jC3zgy6gryuG5xfZ3kzpE+PravtyeQLeQmCYLREhQH7pWENg5pY4Yu/XCd6a7dKScVlw==",
      "license": "Apache-2.0",
      "bin": {
        "cborg": "lib/bin.js"
      }
    },
    "node_modules/iso-datestring-validator": {
      "version": "2.2.2",
      "resolved": "https://registry.npmjs.org/iso-datestring-validator/-/iso-datestring-validator-2.2.2.tgz",
      "integrity": "sha512-yLEMkBbLZTlVQqOnQ4FiMujR6T4DEcCb1xizmvXS+OxuhwcbtynoosRzdMA69zZCShCNAbi+gJ71FxZBBXx1SA==",
      "license": "MIT"
    },
    "node_modules/multiformats": {
      "version": "13.4.2",
      "resolved": "https://registry.npmjs.org/multiformats/-/multiformats-13.4.2.tgz",
      "integrity": "sha512-eh6eHCrRi1+POZ3dA+Dq1C6jhP1GNtr9CRINMb67OKzqW9I5DUuZM/3jLPlzhgpGeiNUlEGEbkCYChXMCc/8DQ==",
      "license": "Apache-2.0 OR MIT"
    },
    "node_modules/on-exit-leak-free": {
      "version": "2.1.2",
      "resolved": "https://registry.npmjs.org/on-exit-leak-free/-/on-exit-leak-free-2.1.2.tgz",
      "integrity": "sha512-0eJJY6hXLGf1udHwfNftBqH+g73EU4B504nZeKpz1sYRKafAghwxEJunB2O7rDZkL4PGfsMVnTXZ2EjibbqcsA==",
      "license": "MIT",
      "engines": {
        "node": ">=14.0.0"
      }
    },
    "node_modules/pino": {
      "version": "10.3.1",
      "resolved": "https://registry.npmjs.org/pino/-/pino-10.3.1.tgz",
      "integrity": "sha512-r34yH/GlQpKZbU1BvFFqOjhISRo1MNx1tWYsYvmj6KIRHSPMT2+yHOEb1SG6NMvRoHRF0a07kCOox/9yakl1vg==",
      "license": "MIT",
      "dependencies": {
        "@pinojs/redact": "^0.4.0",
        "atomic-sleep": "^1.0.0",
        "on-exit-leak-free": "^2.1.0",
        "pino-abstract-transport": "^3.0.0",
        "pino-std-serializers": "^7.0.0",
        "process-warning": "^5.0.0",
        "quick-format-unescaped": "^4.0.3",
        "real-require": "^0.2.0",
        "safe-stable-stringify": "^2.3.1",
        "sonic-boom": "^4.0.1",
        "thread-stream": "^4.0.0"
      },
      "bin": {
        "pino": "bin.js"
      }
    },
    "node_modules/pino-abstract-transport": {
      "version": "3.0.0",
      "resolved": "https://registry.npmjs.org/pino-abstract-transport/-/pino-abstract-transport-3.0.0.tgz",
      "integrity": "sha512-wlfUczU+n7Hy/Ha5j9a/gZNy7We5+cXp8YL+X+PG8S0KXxw7n/JXA3c46Y0zQznIJ83URJiwy7Lh56WLokNuxg==",
      "license": "MIT",
      "dependencies": {
        "split2": "^4.0.0"
      }
    },
    "node_modules/pino-std-serializers": {
      "version": "7.1.0",
      "resolved": "https://registry.npmjs.org/pino-std-serializers/-/pino-std-serializers-7.1.0.tgz",
      "integrity": "sha512-BndPH67/JxGExRgiX1dX0w1FvZck5Wa4aal9198SrRhZjH3GxKQUKIBnYJTdj2HDN3UQAS06HlfcSbQj2OHmaw==",
      "license": "MIT"
    },
    "node_modules/process-warning": {
      "version": "5.0.0",
      "resolved": "https://registry.npmjs.org/process-warning/-/process-warning-5.0.0.tgz",
      "integrity": "sha512-a39t9ApHNx2L4+HBnQKqxxHNs1r7KF+Intd8Q/g1bUh6q0WIp9voPXJ/x0j+ZL45KF1pJd9+q2jLIRMfvEshkA==",
      "funding": [
        {
          "type": "github",
          "url": "https://github.com/sponsors/fastify"
        },
        {
          "type": "opencollective",
          "url": "https://opencollective.com/fastify"
        }
      ],
      "license": "MIT"
    },
    "node_modules/quick-format-unescaped": {
      "version": "4.0.4",
      "resolved": "https://registry.npmjs.org/quick-format-unescaped/-/quick-format-unescaped-4.0.4.tgz",
      "integrity": "sha512-tYC1Q1hgyRuHgloV/YXs2w15unPVh8qfu/qCTfhTYamaw7fyhumKa2yGpdSo87vY32rIclj+4fWYQXUMs9EHvg==",
      "license": "MIT"
    },
    "node_modules/real-require": {
      "version": "0.2.0",
      "resolved": "https://registry.npmjs.org/real-require/-/real-require-0.2.0.tgz",
      "integrity": "sha512-57frrGM/OCTLqLOAh0mhVA9VBMHd+9U7Zb2THMGdBUoZVOtGbJzjxsYGDJ3A9AYYCP4hn6y1TVbaOfzWtm5GFg==",
      "license": "MIT",
      "engines": {
        "node": ">= 12.13.0"
      }
    },
    "node_modules/safe-stable-stringify": {
      "version": "2.5.0",
      "resolved": "https://registry.npmjs.org/safe-stable-stringify/-/safe-stable-stringify-2.5.0.tgz",
      "integrity": "sha512-b3rppTKm9T+PsVCBEOUR46GWI7fdOs00VKZ1+9c1EWDaDMvjQc6tUwuFyIprgGgTcWoVHSKrU8H31ZHA2e0RHA==",
      "license": "MIT",
      "engines": {
        "node": ">=10"
      }
    },
    "node_modules/sonic-boom": {
      "version": "4.2.1",
      "resolved": "https://registry.npmjs.org/sonic-boom/-/sonic-boom-4.2.1.tgz",
      "integrity": "sha512-w6AxtubXa2wTXAUsZMMWERrsIRAdrK0Sc+FUytWvYAhBJLyuI4llrMIC1DtlNSdI99EI86KZum2MMq3EAZlF9Q==",
      "license": "MIT",
      "dependencies": {
        "atomic-sleep": "^1.0.0"
      }
    },
    "node_modules/split2": {
      "version": "4.2.0",
      "resolved": "https://registry.npmjs.org/split2/-/split2-4.2.0.tgz",
      "integrity": "sha512-UcjcJOWknrNkF6PLX83qcHM6KHgVKNkV62Y8a5uYDVv9ydGQVwAHMKqHdJje1VTWpljG0WYpCDhrCdAOYH4TWg==",
      "license": "ISC",
      "engines": {
        "node": ">= 10.x"
      }
    },
    "node_modules/thread-stream": {
      "version": "4.2.0",
      "resolved": "https://registry.npmjs.org/thread-stream/-/thread-stream-4.2.0.tgz",
      "integrity": "sha512-e2zZ96wSChazBsbENf/Pcm/4swHt2cEKQ92rhUjkL9GCKiTDJIaTBenjE/m9DXi0QBmTMDkFDdOomUy20A1tDQ==",
      "license": "MIT",
      "dependencies": {
        "real-require": "^1.0.0"
      },
      "engines": {
        "node": ">=20"
      }
    },
    "node_modules/thread-stream/node_modules/real-require": {
      "version": "1.0.0",
      "resolved": "https://registry.npmjs.org/real-require/-/real-require-1.0.0.tgz",
      "integrity": "sha512-P4nbQYQfePJxRSmY+v/KINxVucm4NF3p3s7pJveMTtom52FR4YGltUQLB8idDXwDDWW+eYrWDFbuzUnjoWHF7g==",
      "license": "MIT"
    },
    "node_modules/tslib": {
      "version": "2.8.1",
      "resolved": "https://registry.npmjs.org/tslib/-/tslib-2.8.1.tgz",
      "integrity": "sha512-oJFu94HQb+KVduSUQL7wnpmqnfmLsOA/nAh6b6EH0wCEoK0/mPeXU6c3wKDV83MkOuHPRHtSXKKU99IBazS/2w==",
      "license": "0BSD"
    },
    "node_modules/typescript": {
      "version": "6.0.3",
      "resolved": "https://registry.npmjs.org/typescript/-/typescript-6.0.3.tgz",
      "integrity": "sha512-y2TvuxSZPDyQakkFRPZHKFm+KKVqIisdg9/CZwm9ftvKXLP8NRWj38/ODjNbr43SsoXqNuAisEf1GdCxqWcdBw==",
      "dev": true,
      "license": "Apache-2.0",
      "bin": {
        "tsc": "bin/tsc",
        "tsserver": "bin/tsserver"
      },
      "engines": {
        "node": ">=14.17"
      }
    },
    "node_modules/uint8arrays": {
      "version": "5.1.1",
      "resolved": "https://registry.npmjs.org/uint8arrays/-/uint8arrays-5.1.1.tgz",
      "integrity": "sha512-9muQwa4wZG4dKi9gMAIBtnk2Pw87SRpvWTH6lOGm19V2Uqxr4uomUf2PGqPnWc+qs06sN8owUU4jfcoWOcfwVQ==",
      "license": "Apache-2.0 OR MIT",
      "dependencies": {
        "multiformats": "^13.0.0"
      }
    },
    "node_modules/undici-types": {
      "version": "7.24.6",
      "resolved": "https://registry.npmjs.org/undici-types/-/undici-types-7.24.6.tgz",
      "integrity": "sha512-WRNW+sJgj5OBN4/0JpHFqtqzhpbnV0GuB+OozA9gCL7a993SmU+1JBZCzLNxYsbMfIeDL+lTsphD5jN5N+n0zg==",
      "dev": true,
      "license": "MIT"
    },
    "node_modules/unicode-segmenter": {
      "version": "0.14.5",
      "resolved": "https://registry.npmjs.org/unicode-segmenter/-/unicode-segmenter-0.14.5.tgz",
      "integrity": "sha512-jHGmj2LUuqDcX3hqY12Ql+uhUTn8huuxNZGq7GvtF6bSybzH3aFgedYu/KTzQStEgt1Ra2F3HxadNXsNjb3m3g==",
      "license": "MIT"
    },
    "node_modules/varint": {
      "version": "6.0.0",
      "resolved": "https://registry.npmjs.org/varint/-/varint-6.0.0.tgz",
      "integrity": "sha512-cXEIW6cfr15lFv563k4GuVuW/fiwjknytD37jIOLSdSWuOI6WnO/oKwmP2FQTU2l01LP8/M5TSAJpzUaGe3uWg==",
      "license": "MIT"
    },
    "node_modules/zod": {
      "version": "3.25.76",
      "resolved": "https://registry.npmjs.org/zod/-/zod-3.25.76.tgz",
      "integrity": "sha512-gzUt/qt81nXsFGKIFcC3YnfEAx5NkunCfnDlvuBSSFS02bcXu4Lmea0AFIUwbLWxWPx3d9p8S5QoaujKcNQxcQ==",
      "license": "MIT",
      "funding": {
        "url": "https://github.com/sponsors/colinhacks"
      }
    }
  }
}
